
Microsoft Visual Studio Solution File, Format Version 12.00
# Visual Studio Version 17
VisualStudioVersion = 17.0.31919.166
MinimumVisualStudioVersion = 10.0.40219.1
Project("{9A19103F-16F7-4668-BE54-9A1E7A4F7556}") = "Datalagring-Inlamningsuppgift-1", "Datalagring-Inlamningsuppgift-1\Datalagring-Inlamningsuppgift-1.csproj", "{B6D99214-733C-4996-A87C-BEA2C0F11592}"
EndProject
Project("{00D1A9C2-B5F0-4AF3-8072-F6C62B433612}") = "ErrandsDatabase", "ErrandsDatabase\ErrandsDatabase.sqlproj", "{56ADF530-52D9-434E-B393-E2301F4DA3F1}"
EndProject
Project("{FAE04EC0-301F-11D3-BF4B-00C04F79EFBC}") = "ErrandModel", "ErrandModel\ErrandModel.csproj", "{A19DE046-1D22-4BB3-A315-8FADB38F9AA1}"
EndProject
Global
	GlobalSection(SolutionConfigurationPlatforms) = preSolution
		Debug|Any CPU = Debug|Any CPU
		Release|Any CPU = Release|Any CPU
	EndGlobalSection
	GlobalSection(ProjectConfigurationPlatforms) = postSolution
		{B6D99214-733C-4996-A87C-BEA2C0F11592}.Debug|Any CPU.ActiveCfg = Debug|Any CPU
		{B6D99214-733C-4996-A87C-BEA2C0F11592}.Debug|Any CPU.Build.0 = Debug|Any CPU
		{B6D99214-733C-4996-A87C-BEA2C0F11592}.Release|Any CPU.ActiveCfg = Release|Any CPU
		{B6D99214-733C-4996-A87C-BEA2C0F11592}.Release|Any CPU.Build.0 = Release|Any CPU
		{56ADF530-52D9-434E-B393-E2301F4DA3F1}.Debug|Any CPU.ActiveCfg = Debug|Any CPU
		{56ADF530-52D9-434E-B393-E2301F4DA3F1}.Debug|Any CPU.Build.0 = Debug|Any CPU
		{56ADF530-52D9-434E-B393-E2301F4DA3F1}.Debug|Any CPU.Deploy.0 = Debug|Any CPU
		{56ADF530-52D9-434E-B393-E2301F4DA3F1}.Release|Any CPU.ActiveCfg = Release|Any CPU
		{56ADF530-52D9-434E-B393-E2301F4DA3F1}.Release|Any CPU.Build.0 = Release|Any CPU
		{56ADF530-52D9-434E-B393-E2301F4DA3F1}.Release|Any CPU.Deploy.0 = Release|Any CPU
		{A19DE046-1D22-4BB3-A315-8FADB38F9AA1}.Debug|Any CPU.ActiveCfg = Debug|Any CPU
		{A19DE046-1D22-4BB3-A315-8FADB38F9AA1}.Debug|Any CPU.Build.0 = Debug|Any CPU
		{A19DE046-1D22-4BB3-A315-8FADB38F9AA1}.Release|Any CPU.ActiveCfg = Release|Any CPU
		{A19DE046-1D22-4BB3-A315-8FADB38F9AA1}.Release|Any CPU.Build.0 = Release|Any CPU
	EndGlobalSection
	GlobalSection(SolutionProperties) = preSolution
		HideSolutionNode = FALSE
	EndGlobalSection
	GlobalSection(ExtensibilityGlobals) = postSolution
		SolutionGuid = {0ACABF00-D0E2-4A5A-BD97-37F7726B142A}
	EndGlobalSection
EndGlobal
